
Microsoft Visual Studio Solution File, Format Version 12.00
# Visual Studio Version 17
VisualStudioVersion = 17.10.35122.118
MinimumVisualStudioVersion = 10.0.40219.1
Project("{FAE04EC0-301F-11D3-BF4B-00C04F79EFBC}") = "MiApiCRUD", "MiApiCRUD\MiApiCRUD.csproj", "{130C2C94-231C-4069-BDCE-E98C93669217}"
EndProject
Project("{FAE04EC0-301F-11D3-BF4B-00C04F79EFBC}") = "MiAppWebMVC", "MiAppWebMVC\MiAppWebMVC.csproj", "{41B787EA-6C71-47B5-B1E7-0DFD33E3958B}"
EndProject
Global
	GlobalSection(SolutionConfigurationPlatforms) = preSolution
		Debug|Any CPU = Debug|Any CPU
		Release|Any CPU = Release|Any CPU
	EndGlobalSection
	GlobalSection(ProjectConfigurationPlatforms) = postSolution
		{130C2C94-231C-4069-BDCE-E98C93669217}.Debug|Any CPU.ActiveCfg = Debug|Any CPU
		{130C2C94-231C-4069-BDCE-E98C93669217}.Debug|Any CPU.Build.0 = Debug|Any CPU
		{130C2C94-231C-4069-BDCE-E98C93669217}.Release|Any CPU.ActiveCfg = Release|Any CPU
		{130C2C94-231C-4069-BDCE-E98C93669217}.Release|Any CPU.Build.0 = Release|Any CPU
		{41B787EA-6C71-47B5-B1E7-0DFD33E3958B}.Debug|Any CPU.ActiveCfg = Debug|Any CPU
		{41B787EA-6C71-47B5-B1E7-0DFD33E3958B}.Debug|Any CPU.Build.0 = Debug|Any CPU
		{41B787EA-6C71-47B5-B1E7-0DFD33E3958B}.Release|Any CPU.ActiveCfg = Release|Any CPU
		{41B787EA-6C71-47B5-B1E7-0DFD33E3958B}.Release|Any CPU.Build.0 = Release|Any CPU
	EndGlobalSection
	GlobalSection(SolutionProperties) = preSolution
		HideSolutionNode = FALSE
	EndGlobalSection
	GlobalSection(ExtensibilityGlobals) = postSolution
		SolutionGuid = {EE9575DF-B07E-4FD2-BC63-F9283265E1E4}
	EndGlobalSection
EndGlobal
